
Microsoft Visual Studio Solution File, Format Version 12.00
# Visual Studio Version 16
VisualStudioVersion = 16.0.30523.141
MinimumVisualStudioVersion = 10.0.40219.1
Project("{FAE04EC0-301F-11D3-BF4B-00C04F79EFBC}") = "PaintApp", "PaintApp\PaintApp.csproj", "{01293469-0C3B-483F-8826-90758412C660}"
EndProject
Global
	GlobalSection(SolutionConfigurationPlatforms) = preSolution
		Debug|Any CPU = Debug|Any CPU
		Release|Any CPU = Release|Any CPU
	EndGlobalSection
	GlobalSection(ProjectConfigurationPlatforms) = postSolution
		{01293469-0C3B-483F-8826-90758412C660}.Debug|Any CPU.ActiveCfg = Debug|Any CPU
		{01293469-0C3B-483F-8826-90758412C660}.Debug|Any CPU.Build.0 = Debug|Any CPU
		{01293469-0C3B-483F-8826-90758412C660}.Release|Any CPU.ActiveCfg = Release|Any CPU
		{01293469-0C3B-483F-8826-90758412C660}.Release|Any CPU.Build.0 = Release|Any CPU
	EndGlobalSection
	GlobalSection(SolutionProperties) = preSolution
		HideSolutionNode = FALSE
	EndGlobalSection
	GlobalSection(ExtensibilityGlobals) = postSolution
		SolutionGuid = {2C67013F-AD5D-419E-A1BC-A0C92BCA6756}
	EndGlobalSection
EndGlobal
